
Microsoft Visual Studio Solution File, Format Version 11.00
# Visual Web Developer Express 2010
Project("{FAE04EC0-301F-11D3-BF4B-00C04F79EFBC}") = "fe_extensions", "fe_extensions.csproj", "{2A424E9F-A9C9-4CCB-92FA-B2CC1C581D6C}"
EndProject
Global
	GlobalSection(SolutionConfigurationPlatforms) = preSolution
		Debug|Any CPU = Debug|Any CPU
		Release|Any CPU = Release|Any CPU
	EndGlobalSection
	GlobalSection(ProjectConfigurationPlatforms) = postSolution
		{2A424E9F-A9C9-4CCB-92FA-B2CC1C581D6C}.Debug|Any CPU.ActiveCfg = Debug|Any CPU
		{2A424E9F-A9C9-4CCB-92FA-B2CC1C581D6C}.Debug|Any CPU.Build.0 = Debug|Any CPU
		{2A424E9F-A9C9-4CCB-92FA-B2CC1C581D6C}.Release|Any CPU.ActiveCfg = Release|Any CPU
		{2A424E9F-A9C9-4CCB-92FA-B2CC1C581D6C}.Release|Any CPU.Build.0 = Release|Any CPU
	EndGlobalSection
	GlobalSection(SolutionProperties) = preSolution
		HideSolutionNode = FALSE
	EndGlobalSection
EndGlobal
